
Microsoft Visual Studio Solution File, Format Version 12.00
# Visual Studio 15
VisualStudioVersion = 15.0.26430.14
MinimumVisualStudioVersion = 10.0.40219.1
Project("{FAE04EC0-301F-11D3-BF4B-00C04F79EFBC}") = "calc", "calc\calc.csproj", "{4E0D65F6-4BF1-4EAC-BBE1-580F99EC4A1A}"
EndProject
Project("{FAE04EC0-301F-11D3-BF4B-00C04F79EFBC}") = "test", "test\test.csproj", "{3C9C5F27-BA65-491A-8348-8BCED3C62201}"
EndProject
Global
	GlobalSection(SolutionConfigurationPlatforms) = preSolution
		Debug|Any CPU = Debug|Any CPU
		Release|Any CPU = Release|Any CPU
	EndGlobalSection
	GlobalSection(ProjectConfigurationPlatforms) = postSolution
		{4E0D65F6-4BF1-4EAC-BBE1-580F99EC4A1A}.Debug|Any CPU.ActiveCfg = Debug|Any CPU
		{4E0D65F6-4BF1-4EAC-BBE1-580F99EC4A1A}.Debug|Any CPU.Build.0 = Debug|Any CPU
		{4E0D65F6-4BF1-4EAC-BBE1-580F99EC4A1A}.Release|Any CPU.ActiveCfg = Release|Any CPU
		{4E0D65F6-4BF1-4EAC-BBE1-580F99EC4A1A}.Release|Any CPU.Build.0 = Release|Any CPU
		{3C9C5F27-BA65-491A-8348-8BCED3C62201}.Debug|Any CPU.ActiveCfg = Debug|Any CPU
		{3C9C5F27-BA65-491A-8348-8BCED3C62201}.Debug|Any CPU.Build.0 = Debug|Any CPU
		{3C9C5F27-BA65-491A-8348-8BCED3C62201}.Release|Any CPU.ActiveCfg = Release|Any CPU
		{3C9C5F27-BA65-491A-8348-8BCED3C62201}.Release|Any CPU.Build.0 = Release|Any CPU
	EndGlobalSection
	GlobalSection(SolutionProperties) = preSolution
		HideSolutionNode = FALSE
	EndGlobalSection
	GlobalSection(ExtensibilityGlobals) = postSolution
		SolutionGuid = {82C20274-C1C6-4EF6-B7C6-DA88E37453A0}
	EndGlobalSection
EndGlobal
